{
    "_meta": {
        "hash": {
            "sha256": "c0b72164b1e674b6f4945c197f03839306e2ad4a851a602589bcd96479da1566"
        },
        "pipfile-spec": 6,
        "requires": {
            "python_version": "3.8"
        },
        "sources": [
            {
                "name": "pypi",
                "url": "https://pypi.org/simple",
                "verify_ssl": true
            }
        ]
    },
    "default": {
        "mysql-connector-python": {
            "hashes": [
                "sha256:00403ae0099248cba6076eb5454c8012c33fc011164fcaccd68b78c9298e3574",
                "sha256:07f6dea4b48b6afdbc952431a76c5e6fc1fa02d57e324670d5c4d73c54a981ff",
                "sha256:0eecec5ab1a4ba03741bee5ec3cb02a8647470ba4a5c50a14c49425db2ec3590",
                "sha256:14275f55706e225be0f0044f15fb9a9146c3015d81e12292dbfe8c830de4ee55",
                "sha256:1ac799506b4fe5d44d31861c75299478125d855cbdc073de23a67bf3f468f265",
                "sha256:2a467b290c2256277fbe4ddf1630a75f21d2a887b4c7bfe9c4afde86dae49848",
                "sha256:322883e4850fa0064c9a60fcc11a8697cd691d9fa1b7e0a2c1b9eb673be1006a",
                "sha256:689245f055b81cfd5e2f19726e2ca7226022f685c5ec828a37e6c66d5a000281",
                "sha256:6a2f237ced3468a37abe240a787717271bf576413a9fb36ef6f049e39f3a5b29",
                "sha256:6e037712775209f2951da4be5be02720f18b7943b8a6f9a2a810e168c001af38",
                "sha256:7a2294bc4b49b15fb0381cf4718ebe002d4c01d15bfc3f7a37cc2e03260611a6",
                "sha256:7eef083bc90469d97b2f9ee1ec9a06c8332590bda80c7a6023c97678a19bc0ea",
                "sha256:83b8ca88bb99445cef7c0dca9c0e470c15fd72365a261dafa1da6f885bfb14fe",
                "sha256:86cfa8f05856db41394590b6d4d34d11e98f3550e7ef2a7add27a1a18c590968",
                "sha256:97950141f4d902d5ba8590c2be8da481654b07eca1da74c6b5d0b43849fd7e33",
                "sha256:995661221a686676920f6e2b34dd7ac77992449ae860677dfab7e95bce87deec",
                "sha256:a1cbd47a2ffa919f69df34e52d090ee97442ef9bb0e0ae56045bbf72f14be26e",
                "sha256:a6502199133fcefeb04ac91638a07b326ea3e7d8b8216da11eb2e763836eeee8",
                "sha256:cb8818260a5731b0617c1da6960dc947e06d408ddd7ff387e102403c9b7ed90e",
                "sha256:e10975b4adfedd269b30cd5dc3a6bd683b4f53345b7e97e35b7a7281b9062547",
                "sha256:e9e0054fb273301a369065b30077f51966630388ac21c370e941215b479772f3",
                "sha256:ebd5df00417a1047a19e02643bbe1c7735a870384e1f21d96c97d98045925890",
                "sha256:ecfa762cff5d3f7373494f74574df62fdd30f051e18bfe45bfa3d9713de5c759"
            ],
            "index": "pypi",
            "version": "==8.0.21"
        },
        "protobuf": {
            "hashes": [
                "sha256:0bba42f439bf45c0f600c3c5993666fcb88e8441d011fad80a11df6f324eef33",
                "sha256:1e834076dfef9e585815757a2c7e4560c7ccc5962b9d09f831214c693a91b463",
                "sha256:339c3a003e3c797bc84499fa32e0aac83c768e67b3de4a5d7a5a9aa3b0da634c",
                "sha256:361acd76f0ad38c6e38f14d08775514fbd241316cce08deb2ce914c7dfa1184a",
                "sha256:3dee442884a18c16d023e52e32dd34a8930a889e511af493f6dc7d4d9bf12e4f",
                "sha256:4d1174c9ed303070ad59553f435846a2f877598f59f9afc1b89757bdf846f2a7",
                "sha256:5db9d3e12b6ede5e601b8d8684a7f9d90581882925c96acf8495957b4f1b204b",
                "sha256:6a82e0c8bb2bf58f606040cc5814e07715b2094caeba281e2e7d0b0e2e397db5",
                "sha256:8c35bcbed1c0d29b127c886790e9d37e845ffc2725cc1db4bd06d70f4e8359f4",
                "sha256:91c2d897da84c62816e2f473ece60ebfeab024a16c1751aaf31100127ccd93ec",
                "sha256:9c2e63c1743cba12737169c447374fab3dfeb18111a460a8c1a000e35836b18c",
                "sha256:9edfdc679a3669988ec55a989ff62449f670dfa7018df6ad7f04e8dbacb10630",
                "sha256:c0c5ab9c4b1eac0a9b838f1e46038c3175a95b0f2d944385884af72876bd6bc7",
                "sha256:c8abd7605185836f6f11f97b21200f8a864f9cb078a193fe3c9e235711d3ff1e",
                "sha256:d69697acac76d9f250ab745b46c725edf3e98ac24763990b24d58c16c642947a",
                "sha256:df3932e1834a64b46ebc262e951cd82c3cf0fa936a154f0a42231140d8237060",
                "sha256:e7662437ca1e0c51b93cadb988f9b353fa6b8013c0385d63a70c8a77d84da5f9",
                "sha256:f68eb9d03c7d84bd01c790948320b768de8559761897763731294e3bc316decb"
            ],
            "version": "==3.13.0"
        },
        "six": {
            "hashes": [
                "sha256:30639c035cdb23534cd4aa2dd52c3bf48f06e5f4a941509c8bafd8ce11080259",
                "sha256:8b74bedcbbbaca38ff6d7491d76f2b06b3592611af620f8426e82dddb04a5ced"
            ],
            "version": "==1.15.0"
        }
    },
    "develop": {}
}
